{
  "originHash" : "0f308624cdb50e454cca3b47aeb61d47cd6cab496b7162862599851f778e8bb8",
  "pins" : [
    {
      "identity" : "keychain-swift",
      "kind" : "remoteSourceControl",
      "location" : "https://github.com/evgenyneu/keychain-swift",
      "state" : {
        "branch" : "master",
        "revision" : "32a99b537d1c6f3529a08257c28a5feb70c0c5af"
      }
    },
    {
      "identity" : "multicastdelegate",
      "kind" : "remoteSourceControl",
      "location" : "https://github.com/v-grigoriev/MulticastDelegate.git",
      "state" : {
        "revision" : "d650db9f294d2ebeab9e48e1825b6a16af860a62",
        "version" : "1.0.1"
      }
    },
    {
      "identity" : "scnrecorder",
      "kind" : "remoteSourceControl",
      "location" : "https://github.com/gorastudio-ceo/SCNRecorder/",
      "state" : {
        "branch" : "master",
        "revision" : "057c5b0cb3c82b77b120ba0262016e9ef05f4fc2"
      }
    },
    {
      "identity" : "screenshield",
      "kind" : "remoteSourceControl",
      "location" : "https://github.com/JayantBadlani/ScreenShield",
      "state" : {
        "revision" : "9586e6a305426398250e0bdc19cbd463437f1af1",
        "version" : "1.2.2"
      }
    },
    {
      "identity" : "simplelogger",
      "kind" : "remoteSourceControl",
      "location" : "https://github.com/markbattistella/SimpleLogger",
      "state" : {
        "revision" : "7450c138c0afffad1f165cb57f6fda377ac04ebe",
        "version" : "1.2.0"
      }
    },
    {
      "identity" : "sneakycampackage",
      "kind" : "remoteSourceControl",
      "location" : "https://github.com/akatreyt/SneakyCamPackage",
      "state" : {
        "branch" : "feature/loadFromDocs",
        "revision" : "50b8212c8feb8074a02173acdd6ca02484b44b87"
      }
    },
    {
      "identity" : "sneakysync",
      "kind" : "remoteSourceControl",
      "location" : "https://github.com/akatreyt/sneakysync",
      "state" : {
        "branch" : "master",
        "revision" : "48b3da64b600582c42084c54fad11f6b713b0425"
      }
    },
    {
      "identity" : "swiftdatapager",
      "kind" : "remoteSourceControl",
      "location" : "https://github.com/markbattistella/SwiftDataPager",
      "state" : {
        "revision" : "33007b09fd3c497d6219c8d703280be4e7bc3d99",
        "version" : "1.0.1"
      }
    },
    {
      "identity" : "swiftycampackage",
      "kind" : "remoteSourceControl",
      "location" : "https://github.com/akatreyt/SwiftyCamPackage",
      "state" : {
        "branch" : "main",
        "revision" : "432966c4d60d10f5309015681192909619441631"
      }
    },
    {
      "identity" : "zlimageeditor",
      "kind" : "remoteSourceControl",
      "location" : "https://github.com/longitachi/ZLImageEditor",
      "state" : {
        "revision" : "563e57e8e862a865127b9cf2a019aff57c0c88fb",
        "version" : "2.0.3"
      }
    }
  ],
  "version" : 3
}
